github.com/hablullah/go-hijri v1.0.2 h1:drT/MZpSZJQXo7jftf5fthArShcaMtsal0Zf/dnmp6k=
github.com/hablullah/go-hijri v1.0.2/go.mod h1:OS5qyYLDjORXzK4O1adFw9Q5WfhOcMdAKglDkcTxgWQ=
github.com/hablullah/go-juliandays v1.0.0 h1:A8YM7wIj16SzlKT0SRJc9CD29iiaUzpBLzh5hr0/5p0=
github.com/hablullah/go-juliandays v1.0.0/go.mod h1:0JOYq4oFOuDja+oospuc61YoX+uNEn7Z6uHYTbBzdGc=
golang.org/x/text v0.16.0 h1:a94ExnEXNtEwYLGJSIUxnWoxoRz/ZcCsV63ROupILh4=
golang.org/x/text v0.16.0/go.mod h1:GhwF1Be+LQoKShO3cGOHzqOgRrGaYc9AvblQOmPVHnI=
